// !$*UTF8*$!
{
	archiveVersion = 1;
	classes = {
	};
	objectVersion = 55;
	objects = {

/* Begin PBXBuildFile section */
		517F5BF528210F8600C39D21 /* AppDelegate.swift in Sources */ = {isa = PBXBuildFile; fileRef = 517F5BF428210F8600C39D21 /* AppDelegate.swift */; };
		517F5BF728210F8600C39D21 /* GameScene.sks in Resources */ = {isa = PBXBuildFile; fileRef = 517F5BF628210F8600C39D21 /* GameScene.sks */; };
		517F5BF928210F8600C39D21 /* Actions.sks in Resources */ = {isa = PBXBuildFile; fileRef = 517F5BF828210F8600C39D21 /* Actions.sks */; };
		517F5BFD28210F8600C39D21 /* GameViewController.swift in Sources */ = {isa = PBXBuildFile; fileRef = 517F5BFC28210F8600C39D21 /* GameViewController.swift */; };
		517F5C0028210F8600C39D21 /* Main.storyboard in Resources */ = {isa = PBXBuildFile; fileRef = 517F5BFE28210F8600C39D21 /* Main.storyboard */; };
		517F5C0228210F8900C39D21 /* Assets.xcassets in Resources */ = {isa = PBXBuildFile; fileRef = 517F5C0128210F8900C39D21 /* Assets.xcassets */; };
		517F5C0528210F8900C39D21 /* LaunchScreen.storyboard in Resources */ = {isa = PBXBuildFile; fileRef = 517F5C0328210F8900C39D21 /* LaunchScreen.storyboard */; };
		517F5C102821749300C39D21 /* RDOSceneManager.swift in Sources */ = {isa = PBXBuildFile; fileRef = 517F5C0F2821749300C39D21 /* RDOSceneManager.swift */; };
		517F5C19282284D800C39D21 /* RDOGameInput.swift in Sources */ = {isa = PBXBuildFile; fileRef = 517F5C18282284D800C39D21 /* RDOGameInput.swift */; };
		517F5C2328228DF900C39D21 /* ControlInputSource.swift in Sources */ = {isa = PBXBuildFile; fileRef = 517F5C2228228DF900C39D21 /* ControlInputSource.swift */; };
		517F5C2528228F0900C39D21 /* GameControllerInputSource.swift in Sources */ = {isa = PBXBuildFile; fileRef = 517F5C2428228F0900C39D21 /* GameControllerInputSource.swift */; };
		517F5C27282293CD00C39D21 /* TouchControlInputNode.swift in Sources */ = {isa = PBXBuildFile; fileRef = 517F5C26282293CD00C39D21 /* TouchControlInputNode.swift */; };
		517F5C292822942C00C39D21 /* ThumbStickNode.swift in Sources */ = {isa = PBXBuildFile; fileRef = 517F5C282822942C00C39D21 /* ThumbStickNode.swift */; };
		517F5C542822BBFD00C39D21 /* RDOStageOneScene.sks in Resources */ = {isa = PBXBuildFile; fileRef = 517F5C522822BBFD00C39D21 /* RDOStageOneScene.sks */; };
		517F5C552822BBFD00C39D21 /* RDOStartScene.sks in Resources */ = {isa = PBXBuildFile; fileRef = 517F5C532822BBFD00C39D21 /* RDOStartScene.sks */; };
		517F5C5C2822BC8A00C39D21 /* RDOStartScene.swift in Sources */ = {isa = PBXBuildFile; fileRef = 517F5C562822BC8A00C39D21 /* RDOStartScene.swift */; };
		517F5C5D2822BC8A00C39D21 /* RDOBaseScene.swift in Sources */ = {isa = PBXBuildFile; fileRef = 517F5C572822BC8A00C39D21 /* RDOBaseScene.swift */; };
		517F5C5E2822BC8A00C39D21 /* RDOBaseScene+Buttons.swift in Sources */ = {isa = PBXBuildFile; fileRef = 517F5C582822BC8A00C39D21 /* RDOBaseScene+Buttons.swift */; };
		517F5C5F2822BC8A00C39D21 /* RDOBaseScene+Focus.swift in Sources */ = {isa = PBXBuildFile; fileRef = 517F5C592822BC8A00C39D21 /* RDOBaseScene+Focus.swift */; };
		517F5C602822BC8A00C39D21 /* RDOSceneOverlay.swift in Sources */ = {isa = PBXBuildFile; fileRef = 517F5C5A2822BC8A00C39D21 /* RDOSceneOverlay.swift */; };
		517F5C612822BC8A00C39D21 /* RDOStageOneScene.swift in Sources */ = {isa = PBXBuildFile; fileRef = 517F5C5B2822BC8A00C39D21 /* RDOStageOneScene.swift */; };
		517F5C632822BCC400C39D21 /* RDOButtonNode.swift in Sources */ = {isa = PBXBuildFile; fileRef = 517F5C622822BCC300C39D21 /* RDOButtonNode.swift */; };
		517F5C672822C21C00C39D21 /* BaseScene+TouchEventForwarding.swift in Sources */ = {isa = PBXBuildFile; fileRef = 517F5C662822C21C00C39D21 /* BaseScene+TouchEventForwarding.swift */; };
		517F5C6928250DA700C39D21 /* RDOMainScene.swift in Sources */ = {isa = PBXBuildFile; fileRef = 517F5C6828250DA700C39D21 /* RDOMainScene.swift */; };
		517F5C6B2825130A00C39D21 /* RDOSettingsScene.swift in Sources */ = {isa = PBXBuildFile; fileRef = 517F5C6A2825130A00C39D21 /* RDOSettingsScene.swift */; };
		517F5C6D2825137400C39D21 /* RDOAboutScene.swift in Sources */ = {isa = PBXBuildFile; fileRef = 517F5C6C2825137400C39D21 /* RDOAboutScene.swift */; };
		517F5C6F2825139000C39D21 /* RDOCollectionScene.swift in Sources */ = {isa = PBXBuildFile; fileRef = 517F5C6E2825139000C39D21 /* RDOCollectionScene.swift */; };
		517F5C722826AC8E00C39D21 /* ColliderType.swift in Sources */ = {isa = PBXBuildFile; fileRef = 517F5C712826AC8E00C39D21 /* ColliderType.swift */; };
		517F5C772826AFC000C39D21 /* Soul.swift in Sources */ = {isa = PBXBuildFile; fileRef = 517F5C762826AFC000C39D21 /* Soul.swift */; };
		517F5C792826AFF700C39D21 /* RenderComponent.swift in Sources */ = {isa = PBXBuildFile; fileRef = 517F5C782826AFF700C39D21 /* RenderComponent.swift */; };
		517F5C7B2826B07B00C39D21 /* IntelligenceComponent.swift in Sources */ = {isa = PBXBuildFile; fileRef = 517F5C7A2826B07B00C39D21 /* IntelligenceComponent.swift */; };
		517F5C7E2826B10E00C39D21 /* SoulAgentControlledState.swift in Sources */ = {isa = PBXBuildFile; fileRef = 517F5C7D2826B10E00C39D21 /* SoulAgentControlledState.swift */; };
		517F5C802826B16100C39D21 /* PhysicsComponent.swift in Sources */ = {isa = PBXBuildFile; fileRef = 517F5C7F2826B16100C39D21 /* PhysicsComponent.swift */; };
		517F5C822826B1E400C39D21 /* OrientationComponent.swift in Sources */ = {isa = PBXBuildFile; fileRef = 517F5C812826B1E400C39D21 /* OrientationComponent.swift */; };
		517F5C842826B20800C39D21 /* CompassDirection.swift in Sources */ = {isa = PBXBuildFile; fileRef = 517F5C832826B20800C39D21 /* CompassDirection.swift */; };
		517F5C862826B28100C39D21 /* AnimationComponent.swift in Sources */ = {isa = PBXBuildFile; fileRef = 517F5C852826B28100C39D21 /* AnimationComponent.swift */; };
		517F5C882826B2B700C39D21 /* GameplayConfiguration.swift in Sources */ = {isa = PBXBuildFile; fileRef = 517F5C872826B2B700C39D21 /* GameplayConfiguration.swift */; };
		517F5C8A2826B2D000C39D21 /* SoulAgent.swift in Sources */ = {isa = PBXBuildFile; fileRef = 517F5C892826B2D000C39D21 /* SoulAgent.swift */; };
		517F5C8C2826B2F300C39D21 /* RedSoul.swift in Sources */ = {isa = PBXBuildFile; fileRef = 517F5C8B2826B2F300C39D21 /* RedSoul.swift */; };
		517F5C8F2826B36D00C39D21 /* SoulBehavior.swift in Sources */ = {isa = PBXBuildFile; fileRef = 517F5C8E2826B36D00C39D21 /* SoulBehavior.swift */; };
		517F5C912826B3B800C39D21 /* GeometryExtension.swift in Sources */ = {isa = PBXBuildFile; fileRef = 517F5C902826B3B800C39D21 /* GeometryExtension.swift */; };
		66463147282506DB00311BE3 /* RDOMainScene.sks in Resources */ = {isa = PBXBuildFile; fileRef = 66463146282506DB00311BE3 /* RDOMainScene.sks */; };
		6646314928250A9200311BE3 /* RDOSettingsScene.sks in Resources */ = {isa = PBXBuildFile; fileRef = 6646314828250A9200311BE3 /* RDOSettingsScene.sks */; };
		667C2E7028250B6600A5D13E /* RDOAboutScene.sks in Resources */ = {isa = PBXBuildFile; fileRef = 667C2E6F28250B6600A5D13E /* RDOAboutScene.sks */; };
		667C2E7228250FAC00A5D13E /* RDOCollectionScene.sks in Resources */ = {isa = PBXBuildFile; fileRef = 667C2E7128250FAB00A5D13E /* RDOCollectionScene.sks */; };
/* End PBXBuildFile section */

/* Begin PBXFileReference section */
		517F5BF128210F8600C39D21 /* ReapersDayOff.app */ = {isa = PBXFileReference; explicitFileType = wrapper.application; includeInIndex = 0; path = ReapersDayOff.app; sourceTree = BUILT_PRODUCTS_DIR; };
		517F5BF428210F8600C39D21 /* AppDelegate.swift */ = {isa = PBXFileReference; lastKnownFileType = sourcecode.swift; path = AppDelegate.swift; sourceTree = "<group>"; };
		517F5BF628210F8600C39D21 /* GameScene.sks */ = {isa = PBXFileReference; lastKnownFileType = file.sks; path = GameScene.sks; sourceTree = "<group>"; };
		517F5BF828210F8600C39D21 /* Actions.sks */ = {isa = PBXFileReference; lastKnownFileType = file.sks; path = Actions.sks; sourceTree = "<group>"; };
		517F5BFC28210F8600C39D21 /* GameViewController.swift */ = {isa = PBXFileReference; lastKnownFileType = sourcecode.swift; path = GameViewController.swift; sourceTree = "<group>"; };
		517F5BFF28210F8600C39D21 /* Base */ = {isa = PBXFileReference; lastKnownFileType = file.storyboard; name = Base; path = Base.lproj/Main.storyboard; sourceTree = "<group>"; };
		517F5C0128210F8900C39D21 /* Assets.xcassets */ = {isa = PBXFileReference; lastKnownFileType = folder.assetcatalog; path = Assets.xcassets; sourceTree = "<group>"; };
		517F5C0428210F8900C39D21 /* Base */ = {isa = PBXFileReference; lastKnownFileType = file.storyboard; name = Base; path = Base.lproj/LaunchScreen.storyboard; sourceTree = "<group>"; };
		517F5C0F2821749300C39D21 /* RDOSceneManager.swift */ = {isa = PBXFileReference; lastKnownFileType = sourcecode.swift; path = RDOSceneManager.swift; sourceTree = "<group>"; };
		517F5C18282284D800C39D21 /* RDOGameInput.swift */ = {isa = PBXFileReference; lastKnownFileType = sourcecode.swift; path = RDOGameInput.swift; sourceTree = "<group>"; };
		517F5C2228228DF900C39D21 /* ControlInputSource.swift */ = {isa = PBXFileReference; lastKnownFileType = sourcecode.swift; path = ControlInputSource.swift; sourceTree = "<group>"; };
		517F5C2428228F0900C39D21 /* GameControllerInputSource.swift */ = {isa = PBXFileReference; lastKnownFileType = sourcecode.swift; path = GameControllerInputSource.swift; sourceTree = "<group>"; };
		517F5C26282293CD00C39D21 /* TouchControlInputNode.swift */ = {isa = PBXFileReference; lastKnownFileType = sourcecode.swift; path = TouchControlInputNode.swift; sourceTree = "<group>"; };
		517F5C282822942C00C39D21 /* ThumbStickNode.swift */ = {isa = PBXFileReference; lastKnownFileType = sourcecode.swift; path = ThumbStickNode.swift; sourceTree = "<group>"; };
		517F5C522822BBFD00C39D21 /* RDOStageOneScene.sks */ = {isa = PBXFileReference; lastKnownFileType = file.sks; path = RDOStageOneScene.sks; sourceTree = "<group>"; };
		517F5C532822BBFD00C39D21 /* RDOStartScene.sks */ = {isa = PBXFileReference; lastKnownFileType = file.sks; path = RDOStartScene.sks; sourceTree = "<group>"; };
		517F5C562822BC8A00C39D21 /* RDOStartScene.swift */ = {isa = PBXFileReference; fileEncoding = 4; lastKnownFileType = sourcecode.swift; path = RDOStartScene.swift; sourceTree = "<group>"; };
		517F5C572822BC8A00C39D21 /* RDOBaseScene.swift */ = {isa = PBXFileReference; fileEncoding = 4; lastKnownFileType = sourcecode.swift; path = RDOBaseScene.swift; sourceTree = "<group>"; };
		517F5C582822BC8A00C39D21 /* RDOBaseScene+Buttons.swift */ = {isa = PBXFileReference; fileEncoding = 4; lastKnownFileType = sourcecode.swift; path = "RDOBaseScene+Buttons.swift"; sourceTree = "<group>"; };
		517F5C592822BC8A00C39D21 /* RDOBaseScene+Focus.swift */ = {isa = PBXFileReference; fileEncoding = 4; lastKnownFileType = sourcecode.swift; path = "RDOBaseScene+Focus.swift"; sourceTree = "<group>"; };
		517F5C5A2822BC8A00C39D21 /* RDOSceneOverlay.swift */ = {isa = PBXFileReference; fileEncoding = 4; lastKnownFileType = sourcecode.swift; path = RDOSceneOverlay.swift; sourceTree = "<group>"; };
		517F5C5B2822BC8A00C39D21 /* RDOStageOneScene.swift */ = {isa = PBXFileReference; fileEncoding = 4; lastKnownFileType = sourcecode.swift; path = RDOStageOneScene.swift; sourceTree = "<group>"; };
		517F5C622822BCC300C39D21 /* RDOButtonNode.swift */ = {isa = PBXFileReference; fileEncoding = 4; lastKnownFileType = sourcecode.swift; path = RDOButtonNode.swift; sourceTree = "<group>"; };
		517F5C662822C21C00C39D21 /* BaseScene+TouchEventForwarding.swift */ = {isa = PBXFileReference; lastKnownFileType = sourcecode.swift; path = "BaseScene+TouchEventForwarding.swift"; sourceTree = "<group>"; };
		517F5C6828250DA700C39D21 /* RDOMainScene.swift */ = {isa = PBXFileReference; lastKnownFileType = sourcecode.swift; path = RDOMainScene.swift; sourceTree = "<group>"; };
		517F5C6A2825130A00C39D21 /* RDOSettingsScene.swift */ = {isa = PBXFileReference; lastKnownFileType = sourcecode.swift; path = RDOSettingsScene.swift; sourceTree = "<group>"; };
		517F5C6C2825137400C39D21 /* RDOAboutScene.swift */ = {isa = PBXFileReference; lastKnownFileType = sourcecode.swift; path = RDOAboutScene.swift; sourceTree = "<group>"; };
		517F5C6E2825139000C39D21 /* RDOCollectionScene.swift */ = {isa = PBXFileReference; lastKnownFileType = sourcecode.swift; path = RDOCollectionScene.swift; sourceTree = "<group>"; };
		517F5C712826AC8E00C39D21 /* ColliderType.swift */ = {isa = PBXFileReference; lastKnownFileType = sourcecode.swift; path = ColliderType.swift; sourceTree = "<group>"; };
		517F5C762826AFC000C39D21 /* Soul.swift */ = {isa = PBXFileReference; lastKnownFileType = sourcecode.swift; path = Soul.swift; sourceTree = "<group>"; };
		517F5C782826AFF700C39D21 /* RenderComponent.swift */ = {isa = PBXFileReference; lastKnownFileType = sourcecode.swift; path = RenderComponent.swift; sourceTree = "<group>"; };
		517F5C7A2826B07B00C39D21 /* IntelligenceComponent.swift */ = {isa = PBXFileReference; lastKnownFileType = sourcecode.swift; path = IntelligenceComponent.swift; sourceTree = "<group>"; };
		517F5C7D2826B10E00C39D21 /* SoulAgentControlledState.swift */ = {isa = PBXFileReference; lastKnownFileType = sourcecode.swift; path = SoulAgentControlledState.swift; sourceTree = "<group>"; };
		517F5C7F2826B16100C39D21 /* PhysicsComponent.swift */ = {isa = PBXFileReference; lastKnownFileType = sourcecode.swift; path = PhysicsComponent.swift; sourceTree = "<group>"; };
		517F5C812826B1E400C39D21 /* OrientationComponent.swift */ = {isa = PBXFileReference; lastKnownFileType = sourcecode.swift; path = OrientationComponent.swift; sourceTree = "<group>"; };
		517F5C832826B20800C39D21 /* CompassDirection.swift */ = {isa = PBXFileReference; lastKnownFileType = sourcecode.swift; path = CompassDirection.swift; sourceTree = "<group>"; };
		517F5C852826B28100C39D21 /* AnimationComponent.swift */ = {isa = PBXFileReference; lastKnownFileType = sourcecode.swift; path = AnimationComponent.swift; sourceTree = "<group>"; };
		517F5C872826B2B700C39D21 /* GameplayConfiguration.swift */ = {isa = PBXFileReference; lastKnownFileType = sourcecode.swift; path = GameplayConfiguration.swift; sourceTree = "<group>"; };
		517F5C892826B2D000C39D21 /* SoulAgent.swift */ = {isa = PBXFileReference; lastKnownFileType = sourcecode.swift; path = SoulAgent.swift; sourceTree = "<group>"; };
		517F5C8B2826B2F300C39D21 /* RedSoul.swift */ = {isa = PBXFileReference; lastKnownFileType = sourcecode.swift; path = RedSoul.swift; sourceTree = "<group>"; };
		517F5C8E2826B36D00C39D21 /* SoulBehavior.swift */ = {isa = PBXFileReference; lastKnownFileType = sourcecode.swift; path = SoulBehavior.swift; sourceTree = "<group>"; };
		517F5C902826B3B800C39D21 /* GeometryExtension.swift */ = {isa = PBXFileReference; lastKnownFileType = sourcecode.swift; path = GeometryExtension.swift; sourceTree = "<group>"; };
		66463146282506DB00311BE3 /* RDOMainScene.sks */ = {isa = PBXFileReference; lastKnownFileType = file.sks; path = RDOMainScene.sks; sourceTree = "<group>"; };
		6646314828250A9200311BE3 /* RDOSettingsScene.sks */ = {isa = PBXFileReference; lastKnownFileType = file.sks; path = RDOSettingsScene.sks; sourceTree = "<group>"; };
		667C2E6F28250B6600A5D13E /* RDOAboutScene.sks */ = {isa = PBXFileReference; lastKnownFileType = file.sks; path = RDOAboutScene.sks; sourceTree = "<group>"; };
		667C2E7128250FAB00A5D13E /* RDOCollectionScene.sks */ = {isa = PBXFileReference; lastKnownFileType = file.sks; path = RDOCollectionScene.sks; sourceTree = "<group>"; };
/* End PBXFileReference section */

/* Begin PBXFrameworksBuildPhase section */
		517F5BEE28210F8600C39D21 /* Frameworks */ = {
			isa = PBXFrameworksBuildPhase;
			buildActionMask = 2147483647;
			files = (
			);
			runOnlyForDeploymentPostprocessing = 0;
		};
/* End PBXFrameworksBuildPhase section */

/* Begin PBXGroup section */
		517F5BE828210F8600C39D21 = {
			isa = PBXGroup;
			children = (
				517F5BF328210F8600C39D21 /* ReapersDayOff */,
				517F5BF228210F8600C39D21 /* Products */,
			);
			sourceTree = "<group>";
		};
		517F5BF228210F8600C39D21 /* Products */ = {
			isa = PBXGroup;
			children = (
				517F5BF128210F8600C39D21 /* ReapersDayOff.app */,
			);
			name = Products;
			sourceTree = "<group>";
		};
		517F5BF328210F8600C39D21 /* ReapersDayOff */ = {
			isa = PBXGroup;
			children = (
				517F5C732826AF7B00C39D21 /* ECS */,
				517F5C702826ABA200C39D21 /* Physics Contacts and Collisions */,
				517F5C642822BDD000C39D21 /* Scene */,
				517F5C652822BE0100C39D21 /* Nodes */,
				517F5C112821B34300C39D21 /* Player Control */,
				517F5C0E2821747200C39D21 /* SceneManager */,
				517F5C0C2821115800C39D21 /* SKS */,
				517F5C0B28210FFC00C39D21 /* Storyboard */,
				517F5C0128210F8900C39D21 /* Assets.xcassets */,
				517F5C0D282111DD00C39D21 /* iOS */,
			);
			path = ReapersDayOff;
			sourceTree = "<group>";
		};
		517F5C0B28210FFC00C39D21 /* Storyboard */ = {
			isa = PBXGroup;
			children = (
				517F5BFE28210F8600C39D21 /* Main.storyboard */,
				517F5C0328210F8900C39D21 /* LaunchScreen.storyboard */,
			);
			path = Storyboard;
			sourceTree = "<group>";
		};
		517F5C0C2821115800C39D21 /* SKS */ = {
			isa = PBXGroup;
			children = (
				517F5BF628210F8600C39D21 /* GameScene.sks */,
				517F5C522822BBFD00C39D21 /* RDOStageOneScene.sks */,
				6646314828250A9200311BE3 /* RDOSettingsScene.sks */,
				667C2E6F28250B6600A5D13E /* RDOAboutScene.sks */,
				667C2E7128250FAB00A5D13E /* RDOCollectionScene.sks */,
				66463146282506DB00311BE3 /* RDOMainScene.sks */,
				517F5C532822BBFD00C39D21 /* RDOStartScene.sks */,
				517F5BF828210F8600C39D21 /* Actions.sks */,
			);
			path = SKS;
			sourceTree = "<group>";
		};
		517F5C0D282111DD00C39D21 /* iOS */ = {
			isa = PBXGroup;
			children = (
				517F5BF428210F8600C39D21 /* AppDelegate.swift */,
				517F5BFC28210F8600C39D21 /* GameViewController.swift */,
			);
			path = iOS;
			sourceTree = "<group>";
		};
		517F5C0E2821747200C39D21 /* SceneManager */ = {
			isa = PBXGroup;
			children = (
				517F5C0F2821749300C39D21 /* RDOSceneManager.swift */,
			);
			path = SceneManager;
			sourceTree = "<group>";
		};
		517F5C112821B34300C39D21 /* Player Control */ = {
			isa = PBXGroup;
			children = (
				517F5C18282284D800C39D21 /* RDOGameInput.swift */,
				517F5C2228228DF900C39D21 /* ControlInputSource.swift */,
				517F5C2428228F0900C39D21 /* GameControllerInputSource.swift */,
				517F5C26282293CD00C39D21 /* TouchControlInputNode.swift */,
				517F5C662822C21C00C39D21 /* BaseScene+TouchEventForwarding.swift */,
			);
			path = "Player Control";
			sourceTree = "<group>";
		};
		517F5C642822BDD000C39D21 /* Scene */ = {
			isa = PBXGroup;
			children = (
				517F5C572822BC8A00C39D21 /* RDOBaseScene.swift */,
				517F5C582822BC8A00C39D21 /* RDOBaseScene+Buttons.swift */,
				517F5C592822BC8A00C39D21 /* RDOBaseScene+Focus.swift */,
				517F5C5A2822BC8A00C39D21 /* RDOSceneOverlay.swift */,
				517F5C5B2822BC8A00C39D21 /* RDOStageOneScene.swift */,
				517F5C562822BC8A00C39D21 /* RDOStartScene.swift */,
				517F5C6828250DA700C39D21 /* RDOMainScene.swift */,
				517F5C6A2825130A00C39D21 /* RDOSettingsScene.swift */,
				517F5C6C2825137400C39D21 /* RDOAboutScene.swift */,
				517F5C6E2825139000C39D21 /* RDOCollectionScene.swift */,
			);
			path = Scene;
			sourceTree = "<group>";
		};
		517F5C652822BE0100C39D21 /* Nodes */ = {
			isa = PBXGroup;
			children = (
				517F5C622822BCC300C39D21 /* RDOButtonNode.swift */,
				517F5C282822942C00C39D21 /* ThumbStickNode.swift */,
			);
			path = Nodes;
			sourceTree = "<group>";
		};
		517F5C702826ABA200C39D21 /* Physics Contacts and Collisions */ = {
			isa = PBXGroup;
			children = (
				517F5C712826AC8E00C39D21 /* ColliderType.swift */,
			);
			path = "Physics Contacts and Collisions";
			sourceTree = "<group>";
		};
		517F5C732826AF7B00C39D21 /* ECS */ = {
			isa = PBXGroup;
			children = (
				517F5C8D2826B31000C39D21 /* Behaviors */,
				517F5C742826AF8C00C39D21 /* Entities */,
				517F5C752826AF9400C39D21 /* Components */,
			);
			path = ECS;
			sourceTree = "<group>";
		};
		517F5C742826AF8C00C39D21 /* Entities */ = {
			isa = PBXGroup;
			children = (
				517F5C762826AFC000C39D21 /* Soul.swift */,
				517F5C872826B2B700C39D21 /* GameplayConfiguration.swift */,
				517F5C892826B2D000C39D21 /* SoulAgent.swift */,
				517F5C8B2826B2F300C39D21 /* RedSoul.swift */,
			);
			path = Entities;
			sourceTree = "<group>";
		};
		517F5C752826AF9400C39D21 /* Components */ = {
			isa = PBXGroup;
			children = (
				517F5C7C2826B0DF00C39D21 /* Soul Intelligence Component States */,
				517F5C782826AFF700C39D21 /* RenderComponent.swift */,
				517F5C7A2826B07B00C39D21 /* IntelligenceComponent.swift */,
				517F5C7F2826B16100C39D21 /* PhysicsComponent.swift */,
				517F5C812826B1E400C39D21 /* OrientationComponent.swift */,
				517F5C832826B20800C39D21 /* CompassDirection.swift */,
				517F5C852826B28100C39D21 /* AnimationComponent.swift */,
			);
			path = Components;
			sourceTree = "<group>";
		};
		517F5C7C2826B0DF00C39D21 /* Soul Intelligence Component States */ = {
			isa = PBXGroup;
			children = (
				517F5C7D2826B10E00C39D21 /* SoulAgentControlledState.swift */,
			);
			path = "Soul Intelligence Component States";
			sourceTree = "<group>";
		};
		517F5C8D2826B31000C39D21 /* Behaviors */ = {
			isa = PBXGroup;
			children = (
				517F5C8E2826B36D00C39D21 /* SoulBehavior.swift */,
				517F5C902826B3B800C39D21 /* GeometryExtension.swift */,
			);
			path = Behaviors;
			sourceTree = "<group>";
		};
/* End PBXGroup section */

/* Begin PBXNativeTarget section */
		517F5BF028210F8600C39D21 /* ReapersDayOff */ = {
			isa = PBXNativeTarget;
			buildConfigurationList = 517F5C0828210F8900C39D21 /* Build configuration list for PBXNativeTarget "ReapersDayOff" */;
			buildPhases = (
				517F5BED28210F8600C39D21 /* Sources */,
				517F5BEE28210F8600C39D21 /* Frameworks */,
				517F5BEF28210F8600C39D21 /* Resources */,
			);
			buildRules = (
			);
			dependencies = (
			);
			name = ReapersDayOff;
			productName = ReapersDayOff;
			productReference = 517F5BF128210F8600C39D21 /* ReapersDayOff.app */;
			productType = "com.apple.product-type.application";
		};
/* End PBXNativeTarget section */

/* Begin PBXProject section */
		517F5BE928210F8600C39D21 /* Project object */ = {
			isa = PBXProject;
			attributes = {
				BuildIndependentTargetsInParallel = 1;
				LastSwiftUpdateCheck = 1330;
				LastUpgradeCheck = 1330;
				TargetAttributes = {
					517F5BF028210F8600C39D21 = {
						CreatedOnToolsVersion = 13.3.1;
					};
				};
			};
			buildConfigurationList = 517F5BEC28210F8600C39D21 /* Build configuration list for PBXProject "ReapersDayOff" */;
			compatibilityVersion = "Xcode 13.0";
			developmentRegion = en;
			hasScannedForEncodings = 0;
			knownRegions = (
				en,
				Base,
			);
			mainGroup = 517F5BE828210F8600C39D21;
			productRefGroup = 517F5BF228210F8600C39D21 /* Products */;
			projectDirPath = "";
			projectRoot = "";
			targets = (
				517F5BF028210F8600C39D21 /* ReapersDayOff */,
			);
		};
/* End PBXProject section */

/* Begin PBXResourcesBuildPhase section */
		517F5BEF28210F8600C39D21 /* Resources */ = {
			isa = PBXResourcesBuildPhase;
			buildActionMask = 2147483647;
			files = (
				517F5C552822BBFD00C39D21 /* RDOStartScene.sks in Resources */,
				517F5C0028210F8600C39D21 /* Main.storyboard in Resources */,
				517F5BF728210F8600C39D21 /* GameScene.sks in Resources */,
				517F5C542822BBFD00C39D21 /* RDOStageOneScene.sks in Resources */,
				517F5C0228210F8900C39D21 /* Assets.xcassets in Resources */,
				517F5C0528210F8900C39D21 /* LaunchScreen.storyboard in Resources */,
				667C2E7028250B6600A5D13E /* RDOAboutScene.sks in Resources */,
				667C2E7228250FAC00A5D13E /* RDOCollectionScene.sks in Resources */,
				6646314928250A9200311BE3 /* RDOSettingsScene.sks in Resources */,
				517F5BF928210F8600C39D21 /* Actions.sks in Resources */,
				66463147282506DB00311BE3 /* RDOMainScene.sks in Resources */,
			);
			runOnlyForDeploymentPostprocessing = 0;
		};
/* End PBXResourcesBuildPhase section */

/* Begin PBXSourcesBuildPhase section */
		517F5BED28210F8600C39D21 /* Sources */ = {
			isa = PBXSourcesBuildPhase;
			buildActionMask = 2147483647;
			files = (
				517F5C792826AFF700C39D21 /* RenderComponent.swift in Sources */,
				517F5C772826AFC000C39D21 /* Soul.swift in Sources */,
				517F5C292822942C00C39D21 /* ThumbStickNode.swift in Sources */,
				517F5C612822BC8A00C39D21 /* RDOStageOneScene.swift in Sources */,
				517F5C8F2826B36D00C39D21 /* SoulBehavior.swift in Sources */,
				517F5C7B2826B07B00C39D21 /* IntelligenceComponent.swift in Sources */,
				517F5C6F2825139000C39D21 /* RDOCollectionScene.swift in Sources */,
				517F5C8C2826B2F300C39D21 /* RedSoul.swift in Sources */,
				517F5C882826B2B700C39D21 /* GameplayConfiguration.swift in Sources */,
				517F5C5C2822BC8A00C39D21 /* RDOStartScene.swift in Sources */,
				517F5C27282293CD00C39D21 /* TouchControlInputNode.swift in Sources */,
				517F5C7E2826B10E00C39D21 /* SoulAgentControlledState.swift in Sources */,
				517F5C632822BCC400C39D21 /* RDOButtonNode.swift in Sources */,
				517F5C6D2825137400C39D21 /* RDOAboutScene.swift in Sources */,
				517F5C722826AC8E00C39D21 /* ColliderType.swift in Sources */,
				517F5C5D2822BC8A00C39D21 /* RDOBaseScene.swift in Sources */,
				517F5C802826B16100C39D21 /* PhysicsComponent.swift in Sources */,
				517F5C602822BC8A00C39D21 /* RDOSceneOverlay.swift in Sources */,
				517F5C5F2822BC8A00C39D21 /* RDOBaseScene+Focus.swift in Sources */,
				517F5C912826B3B800C39D21 /* GeometryExtension.swift in Sources */,
				517F5C842826B20800C39D21 /* CompassDirection.swift in Sources */,
				517F5C5E2822BC8A00C39D21 /* RDOBaseScene+Buttons.swift in Sources */,
				517F5BFD28210F8600C39D21 /* GameViewController.swift in Sources */,
				517F5C2528228F0900C39D21 /* GameControllerInputSource.swift in Sources */,
				517F5C6928250DA700C39D21 /* RDOMainScene.swift in Sources */,
				517F5C862826B28100C39D21 /* AnimationComponent.swift in Sources */,
				517F5C822826B1E400C39D21 /* OrientationComponent.swift in Sources */,
				517F5C672822C21C00C39D21 /* BaseScene+TouchEventForwarding.swift in Sources */,
				517F5C102821749300C39D21 /* RDOSceneManager.swift in Sources */,
				517F5BF528210F8600C39D21 /* AppDelegate.swift in Sources */,
				517F5C6B2825130A00C39D21 /* RDOSettingsScene.swift in Sources */,
				517F5C8A2826B2D000C39D21 /* SoulAgent.swift in Sources */,
				517F5C19282284D800C39D21 /* RDOGameInput.swift in Sources */,
				517F5C2328228DF900C39D21 /* ControlInputSource.swift in Sources */,
			);
			runOnlyForDeploymentPostprocessing = 0;
		};
/* End PBXSourcesBuildPhase section */

/* Begin PBXVariantGroup section */
		517F5BFE28210F8600C39D21 /* Main.storyboard */ = {
			isa = PBXVariantGroup;
			children = (
				517F5BFF28210F8600C39D21 /* Base */,
			);
			name = Main.storyboard;
			sourceTree = "<group>";
		};
		517F5C0328210F8900C39D21 /* LaunchScreen.storyboard */ = {
			isa = PBXVariantGroup;
			children = (
				517F5C0428210F8900C39D21 /* Base */,
			);
			name = LaunchScreen.storyboard;
			sourceTree = "<group>";
		};
/* End PBXVariantGroup section */

/* Begin XCBuildConfiguration section */
		517F5C0628210F8900C39D21 /* Debug */ = {
			isa = XCBuildConfiguration;
			buildSettings = {
				ALWAYS_SEARCH_USER_PATHS = NO;
				CLANG_ANALYZER_NONNULL = YES;
				CLANG_ANALYZER_NUMBER_OBJECT_CONVERSION = YES_AGGRESSIVE;
				CLANG_CXX_LANGUAGE_STANDARD = "gnu++17";
				CLANG_ENABLE_MODULES = YES;
				CLANG_ENABLE_OBJC_ARC = YES;
				CLANG_ENABLE_OBJC_WEAK = YES;
				CLANG_WARN_BLOCK_CAPTURE_AUTORELEASING = YES;
				CLANG_WARN_BOOL_CONVERSION = YES;
				CLANG_WARN_COMMA = YES;
				CLANG_WARN_CONSTANT_CONVERSION = YES;
				CLANG_WARN_DEPRECATED_OBJC_IMPLEMENTATIONS = YES;
				CLANG_WARN_DIRECT_OBJC_ISA_USAGE = YES_ERROR;
				CLANG_WARN_DOCUMENTATION_COMMENTS = YES;
				CLANG_WARN_EMPTY_BODY = YES;
				CLANG_WARN_ENUM_CONVERSION = YES;
				CLANG_WARN_INFINITE_RECURSION = YES;
				CLANG_WARN_INT_CONVERSION = YES;
				CLANG_WARN_NON_LITERAL_NULL_CONVERSION = YES;
				CLANG_WARN_OBJC_IMPLICIT_RETAIN_SELF = YES;
				CLANG_WARN_OBJC_LITERAL_CONVERSION = YES;
				CLANG_WARN_OBJC_ROOT_CLASS = YES_ERROR;
				CLANG_WARN_QUOTED_INCLUDE_IN_FRAMEWORK_HEADER = YES;
				CLANG_WARN_RANGE_LOOP_ANALYSIS = YES;
				CLANG_WARN_STRICT_PROTOTYPES = YES;
				CLANG_WARN_SUSPICIOUS_MOVE = YES;
				CLANG_WARN_UNGUARDED_AVAILABILITY = YES_AGGRESSIVE;
				CLANG_WARN_UNREACHABLE_CODE = YES;
				CLANG_WARN__DUPLICATE_METHOD_MATCH = YES;
				COPY_PHASE_STRIP = NO;
				DEBUG_INFORMATION_FORMAT = dwarf;
				ENABLE_STRICT_OBJC_MSGSEND = YES;
				ENABLE_TESTABILITY = YES;
				GCC_C_LANGUAGE_STANDARD = gnu11;
				GCC_DYNAMIC_NO_PIC = NO;
				GCC_NO_COMMON_BLOCKS = YES;
				GCC_OPTIMIZATION_LEVEL = 0;
				GCC_PREPROCESSOR_DEFINITIONS = (
					"DEBUG=1",
					"$(inherited)",
				);
				GCC_WARN_64_TO_32_BIT_CONVERSION = YES;
				GCC_WARN_ABOUT_RETURN_TYPE = YES_ERROR;
				GCC_WARN_UNDECLARED_SELECTOR = YES;
				GCC_WARN_UNINITIALIZED_AUTOS = YES_AGGRESSIVE;
				GCC_WARN_UNUSED_FUNCTION = YES;
				GCC_WARN_UNUSED_VARIABLE = YES;
				IPHONEOS_DEPLOYMENT_TARGET = 15.0;
				MTL_ENABLE_DEBUG_INFO = INCLUDE_SOURCE;
				MTL_FAST_MATH = YES;
				ONLY_ACTIVE_ARCH = YES;
				SDKROOT = iphoneos;
				SWIFT_ACTIVE_COMPILATION_CONDITIONS = DEBUG;
				SWIFT_OPTIMIZATION_LEVEL = "-Onone";
			};
			name = Debug;
		};
		517F5C0728210F8900C39D21 /* Release */ = {
			isa = XCBuildConfiguration;
			buildSettings = {
				ALWAYS_SEARCH_USER_PATHS = NO;
				CLANG_ANALYZER_NONNULL = YES;
				CLANG_ANALYZER_NUMBER_OBJECT_CONVERSION = YES_AGGRESSIVE;
				CLANG_CXX_LANGUAGE_STANDARD = "gnu++17";
				CLANG_ENABLE_MODULES = YES;
				CLANG_ENABLE_OBJC_ARC = YES;
				CLANG_ENABLE_OBJC_WEAK = YES;
				CLANG_WARN_BLOCK_CAPTURE_AUTORELEASING = YES;
				CLANG_WARN_BOOL_CONVERSION = YES;
				CLANG_WARN_COMMA = YES;
				CLANG_WARN_CONSTANT_CONVERSION = YES;
				CLANG_WARN_DEPRECATED_OBJC_IMPLEMENTATIONS = YES;
				CLANG_WARN_DIRECT_OBJC_ISA_USAGE = YES_ERROR;
				CLANG_WARN_DOCUMENTATION_COMMENTS = YES;
				CLANG_WARN_EMPTY_BODY = YES;
				CLANG_WARN_ENUM_CONVERSION = YES;
				CLANG_WARN_INFINITE_RECURSION = YES;
				CLANG_WARN_INT_CONVERSION = YES;
				CLANG_WARN_NON_LITERAL_NULL_CONVERSION = YES;
				CLANG_WARN_OBJC_IMPLICIT_RETAIN_SELF = YES;
				CLANG_WARN_OBJC_LITERAL_CONVERSION = YES;
				CLANG_WARN_OBJC_ROOT_CLASS = YES_ERROR;
				CLANG_WARN_QUOTED_INCLUDE_IN_FRAMEWORK_HEADER = YES;
				CLANG_WARN_RANGE_LOOP_ANALYSIS = YES;
				CLANG_WARN_STRICT_PROTOTYPES = YES;
				CLANG_WARN_SUSPICIOUS_MOVE = YES;
				CLANG_WARN_UNGUARDED_AVAILABILITY = YES_AGGRESSIVE;
				CLANG_WARN_UNREACHABLE_CODE = YES;
				CLANG_WARN__DUPLICATE_METHOD_MATCH = YES;
				COPY_PHASE_STRIP = NO;
				DEBUG_INFORMATION_FORMAT = "dwarf-with-dsym";
				ENABLE_NS_ASSERTIONS = NO;
				ENABLE_STRICT_OBJC_MSGSEND = YES;
				GCC_C_LANGUAGE_STANDARD = gnu11;
				GCC_NO_COMMON_BLOCKS = YES;
				GCC_WARN_64_TO_32_BIT_CONVERSION = YES;
				GCC_WARN_ABOUT_RETURN_TYPE = YES_ERROR;
				GCC_WARN_UNDECLARED_SELECTOR = YES;
				GCC_WARN_UNINITIALIZED_AUTOS = YES_AGGRESSIVE;
				GCC_WARN_UNUSED_FUNCTION = YES;
				GCC_WARN_UNUSED_VARIABLE = YES;
				IPHONEOS_DEPLOYMENT_TARGET = 15.0;
				MTL_ENABLE_DEBUG_INFO = NO;
				MTL_FAST_MATH = YES;
				SDKROOT = iphoneos;
				SWIFT_COMPILATION_MODE = wholemodule;
				SWIFT_OPTIMIZATION_LEVEL = "-O";
				VALIDATE_PRODUCT = YES;
			};
			name = Release;
		};
		517F5C0928210F8900C39D21 /* Debug */ = {
			isa = XCBuildConfiguration;
			buildSettings = {
				ASSETCATALOG_COMPILER_APPICON_NAME = AppIcon;
				ASSETCATALOG_COMPILER_GLOBAL_ACCENT_COLOR_NAME = AccentColor;
				CODE_SIGN_STYLE = Automatic;
				CURRENT_PROJECT_VERSION = 1;
				DEVELOPMENT_TEAM = SA4H49C4LT;
				GENERATE_INFOPLIST_FILE = YES;
				INFOPLIST_KEY_UIApplicationSupportsIndirectInputEvents = YES;
				INFOPLIST_KEY_UILaunchStoryboardName = LaunchScreen;
				INFOPLIST_KEY_UIMainStoryboardFile = Main;
				INFOPLIST_KEY_UIRequiresFullScreen = YES;
				INFOPLIST_KEY_UIStatusBarHidden = YES;
				INFOPLIST_KEY_UISupportedInterfaceOrientations = "UIInterfaceOrientationLandscapeLeft UIInterfaceOrientationLandscapeRight";
				INFOPLIST_KEY_UISupportedInterfaceOrientations_iPad = "UIInterfaceOrientationPortrait UIInterfaceOrientationPortraitUpsideDown UIInterfaceOrientationLandscapeLeft UIInterfaceOrientationLandscapeRight";
				INFOPLIST_KEY_UISupportedInterfaceOrientations_iPhone = "UIInterfaceOrientationPortrait UIInterfaceOrientationLandscapeLeft UIInterfaceOrientationLandscapeRight";
				IPHONEOS_DEPLOYMENT_TARGET = 15.0;
				LD_RUNPATH_SEARCH_PATHS = (
					"$(inherited)",
					"@executable_path/Frameworks",
				);
				MARKETING_VERSION = 0.0.1;
				PRODUCT_BUNDLE_IDENTIFIER = tatsureraGames.ReapersDayOff;
				PRODUCT_NAME = "$(TARGET_NAME)";
				SWIFT_EMIT_LOC_STRINGS = YES;
				SWIFT_VERSION = 5.0;
				TARGETED_DEVICE_FAMILY = "1,2";
			};
			name = Debug;
		};
		517F5C0A28210F8900C39D21 /* Release */ = {
			isa = XCBuildConfiguration;
			buildSettings = {
				ASSETCATALOG_COMPILER_APPICON_NAME = AppIcon;
				ASSETCATALOG_COMPILER_GLOBAL_ACCENT_COLOR_NAME = AccentColor;
				CODE_SIGN_STYLE = Automatic;
				CURRENT_PROJECT_VERSION = 1;
				DEVELOPMENT_TEAM = SA4H49C4LT;
				GENERATE_INFOPLIST_FILE = YES;
				INFOPLIST_KEY_UIApplicationSupportsIndirectInputEvents = YES;
				INFOPLIST_KEY_UILaunchStoryboardName = LaunchScreen;
				INFOPLIST_KEY_UIMainStoryboardFile = Main;
				INFOPLIST_KEY_UIRequiresFullScreen = YES;
				INFOPLIST_KEY_UIStatusBarHidden = YES;
				INFOPLIST_KEY_UISupportedInterfaceOrientations = "UIInterfaceOrientationLandscapeLeft UIInterfaceOrientationLandscapeRight";
				INFOPLIST_KEY_UISupportedInterfaceOrientations_iPad = "UIInterfaceOrientationPortrait UIInterfaceOrientationPortraitUpsideDown UIInterfaceOrientationLandscapeLeft UIInterfaceOrientationLandscapeRight";
				INFOPLIST_KEY_UISupportedInterfaceOrientations_iPhone = "UIInterfaceOrientationPortrait UIInterfaceOrientationLandscapeLeft UIInterfaceOrientationLandscapeRight";
				IPHONEOS_DEPLOYMENT_TARGET = 15.0;
				LD_RUNPATH_SEARCH_PATHS = (
					"$(inherited)",
					"@executable_path/Frameworks",
				);
				MARKETING_VERSION = 0.0.1;
				PRODUCT_BUNDLE_IDENTIFIER = tatsureraGames.ReapersDayOff;
				PRODUCT_NAME = "$(TARGET_NAME)";
				SWIFT_EMIT_LOC_STRINGS = YES;
				SWIFT_VERSION = 5.0;
				TARGETED_DEVICE_FAMILY = "1,2";
			};
			name = Release;
		};
/* End XCBuildConfiguration section */

/* Begin XCConfigurationList section */
		517F5BEC28210F8600C39D21 /* Build configuration list for PBXProject "ReapersDayOff" */ = {
			isa = XCConfigurationList;
			buildConfigurations = (
				517F5C0628210F8900C39D21 /* Debug */,
				517F5C0728210F8900C39D21 /* Release */,
			);
			defaultConfigurationIsVisible = 0;
			defaultConfigurationName = Release;
		};
		517F5C0828210F8900C39D21 /* Build configuration list for PBXNativeTarget "ReapersDayOff" */ = {
			isa = XCConfigurationList;
			buildConfigurations = (
				517F5C0928210F8900C39D21 /* Debug */,
				517F5C0A28210F8900C39D21 /* Release */,
			);
			defaultConfigurationIsVisible = 0;
			defaultConfigurationName = Release;
		};
/* End XCConfigurationList section */
	};
	rootObject = 517F5BE928210F8600C39D21 /* Project object */;
}
